
Microsoft Visual Studio Solution File, Format Version 12.00
# Visual Studio Version 16
VisualStudioVersion = 16.0.29613.14
MinimumVisualStudioVersion = 10.0.40219.1
Project("{FAE04EC0-301F-11D3-BF4B-00C04F79EFBC}") = "CSLisp", "CSLisp\CSLisp.csproj", "{55A7AD9F-EB55-4E5B-87D7-AA783DBD6C46}"
EndProject
Project("{FAE04EC0-301F-11D3-BF4B-00C04F79EFBC}") = "CLispGUI", "CLispGUI\CLispGUI.csproj", "{2FBCE849-1027-42DC-B3B5-F9D259BD437C}"
EndProject
Global
	GlobalSection(SolutionConfigurationPlatforms) = preSolution
		Debug|Any CPU = Debug|Any CPU
		Release|Any CPU = Release|Any CPU
	EndGlobalSection
	GlobalSection(ProjectConfigurationPlatforms) = postSolution
		{55A7AD9F-EB55-4E5B-87D7-AA783DBD6C46}.Debug|Any CPU.ActiveCfg = Debug|Any CPU
		{55A7AD9F-EB55-4E5B-87D7-AA783DBD6C46}.Debug|Any CPU.Build.0 = Debug|Any CPU
		{55A7AD9F-EB55-4E5B-87D7-AA783DBD6C46}.Release|Any CPU.ActiveCfg = Release|Any CPU
		{55A7AD9F-EB55-4E5B-87D7-AA783DBD6C46}.Release|Any CPU.Build.0 = Release|Any CPU
		{2FBCE849-1027-42DC-B3B5-F9D259BD437C}.Debug|Any CPU.ActiveCfg = Debug|Any CPU
		{2FBCE849-1027-42DC-B3B5-F9D259BD437C}.Debug|Any CPU.Build.0 = Debug|Any CPU
		{2FBCE849-1027-42DC-B3B5-F9D259BD437C}.Release|Any CPU.ActiveCfg = Release|Any CPU
		{2FBCE849-1027-42DC-B3B5-F9D259BD437C}.Release|Any CPU.Build.0 = Release|Any CPU
	EndGlobalSection
	GlobalSection(SolutionProperties) = preSolution
		HideSolutionNode = FALSE
	EndGlobalSection
	GlobalSection(ExtensibilityGlobals) = postSolution
		SolutionGuid = {370793C4-3586-49DC-9509-B74FAAF21772}
	EndGlobalSection
EndGlobal
