
Microsoft Visual Studio Solution File, Format Version 12.00
# Visual Studio 15
VisualStudioVersion = 15.0.27703.2042
MinimumVisualStudioVersion = 10.0.40219.1
Project("{FAE04EC0-301F-11D3-BF4B-00C04F79EFBC}") = "SpeechDemo1", "SpeechDemo1\SpeechDemo1.csproj", "{63EBB527-1AA6-419B-AAFD-6DF8773CE546}"
EndProject
Global
	GlobalSection(SolutionConfigurationPlatforms) = preSolution
		Debug|Any CPU = Debug|Any CPU
		Release|Any CPU = Release|Any CPU
	EndGlobalSection
	GlobalSection(ProjectConfigurationPlatforms) = postSolution
		{63EBB527-1AA6-419B-AAFD-6DF8773CE546}.Debug|Any CPU.ActiveCfg = Debug|Any CPU
		{63EBB527-1AA6-419B-AAFD-6DF8773CE546}.Debug|Any CPU.Build.0 = Debug|Any CPU
		{63EBB527-1AA6-419B-AAFD-6DF8773CE546}.Release|Any CPU.ActiveCfg = Release|Any CPU
		{63EBB527-1AA6-419B-AAFD-6DF8773CE546}.Release|Any CPU.Build.0 = Release|Any CPU
	EndGlobalSection
	GlobalSection(SolutionProperties) = preSolution
		HideSolutionNode = FALSE
	EndGlobalSection
	GlobalSection(ExtensibilityGlobals) = postSolution
		SolutionGuid = {38A21CCC-ED31-4889-B329-A7F955F4D33A}
	EndGlobalSection
EndGlobal
