
Microsoft Visual Studio Solution File, Format Version 12.00
# Visual Studio 15
VisualStudioVersion = 15.0.28010.2046
MinimumVisualStudioVersion = 10.0.40219.1
Project("{FAE04EC0-301F-11D3-BF4B-00C04F79EFBC}") = "QueensTest", "QueensTest\QueensTest.csproj", "{87BFD8A5-03EF-49A3-BC07-95C3C0F0ADEB}"
EndProject
Global
	GlobalSection(SolutionConfigurationPlatforms) = preSolution
		Debug|Any CPU = Debug|Any CPU
		Release|Any CPU = Release|Any CPU
	EndGlobalSection
	GlobalSection(ProjectConfigurationPlatforms) = postSolution
		{87BFD8A5-03EF-49A3-BC07-95C3C0F0ADEB}.Debug|Any CPU.ActiveCfg = Debug|Any CPU
		{87BFD8A5-03EF-49A3-BC07-95C3C0F0ADEB}.Debug|Any CPU.Build.0 = Debug|Any CPU
		{87BFD8A5-03EF-49A3-BC07-95C3C0F0ADEB}.Release|Any CPU.ActiveCfg = Release|Any CPU
		{87BFD8A5-03EF-49A3-BC07-95C3C0F0ADEB}.Release|Any CPU.Build.0 = Release|Any CPU
	EndGlobalSection
	GlobalSection(SolutionProperties) = preSolution
		HideSolutionNode = FALSE
	EndGlobalSection
	GlobalSection(ExtensibilityGlobals) = postSolution
		SolutionGuid = {F008DD9E-3E57-4745-9249-9847248844F7}
	EndGlobalSection
EndGlobal
