
Microsoft Visual Studio Solution File, Format Version 12.00
# Visual Studio 15
VisualStudioVersion = 15.0.27703.2042
MinimumVisualStudioVersion = 10.0.40219.1
Project("{FAE04EC0-301F-11D3-BF4B-00C04F79EFBC}") = "Colatz", "Colatz\Colatz.csproj", "{2D2B9506-09EC-4447-8770-3C8FBBD6C5D7}"
EndProject
Global
	GlobalSection(SolutionConfigurationPlatforms) = preSolution
		Debug|Any CPU = Debug|Any CPU
		Release|Any CPU = Release|Any CPU
	EndGlobalSection
	GlobalSection(ProjectConfigurationPlatforms) = postSolution
		{2D2B9506-09EC-4447-8770-3C8FBBD6C5D7}.Debug|Any CPU.ActiveCfg = Debug|Any CPU
		{2D2B9506-09EC-4447-8770-3C8FBBD6C5D7}.Debug|Any CPU.Build.0 = Debug|Any CPU
		{2D2B9506-09EC-4447-8770-3C8FBBD6C5D7}.Release|Any CPU.ActiveCfg = Release|Any CPU
		{2D2B9506-09EC-4447-8770-3C8FBBD6C5D7}.Release|Any CPU.Build.0 = Release|Any CPU
	EndGlobalSection
	GlobalSection(SolutionProperties) = preSolution
		HideSolutionNode = FALSE
	EndGlobalSection
	GlobalSection(ExtensibilityGlobals) = postSolution
		SolutionGuid = {1FBC9CE7-A382-43A9-B696-E1FAF2D95DCB}
	EndGlobalSection
EndGlobal
