
Microsoft Visual Studio Solution File, Format Version 12.00
# Visual Studio 15
VisualStudioVersion = 15.0.27703.2042
MinimumVisualStudioVersion = 10.0.40219.1
Project("{FAE04EC0-301F-11D3-BF4B-00C04F79EFBC}") = "Demo2018", "Demo2018\Demo2018.csproj", "{85A721CA-5079-4210-A1C7-0C1952B536E9}"
EndProject
Global
	GlobalSection(SolutionConfigurationPlatforms) = preSolution
		Debug|Any CPU = Debug|Any CPU
		Release|Any CPU = Release|Any CPU
	EndGlobalSection
	GlobalSection(ProjectConfigurationPlatforms) = postSolution
		{85A721CA-5079-4210-A1C7-0C1952B536E9}.Debug|Any CPU.ActiveCfg = Debug|Any CPU
		{85A721CA-5079-4210-A1C7-0C1952B536E9}.Debug|Any CPU.Build.0 = Debug|Any CPU
		{85A721CA-5079-4210-A1C7-0C1952B536E9}.Release|Any CPU.ActiveCfg = Release|Any CPU
		{85A721CA-5079-4210-A1C7-0C1952B536E9}.Release|Any CPU.Build.0 = Release|Any CPU
	EndGlobalSection
	GlobalSection(SolutionProperties) = preSolution
		HideSolutionNode = FALSE
	EndGlobalSection
	GlobalSection(ExtensibilityGlobals) = postSolution
		SolutionGuid = {4DB20205-D27B-4922-9EA5-1843223FE505}
	EndGlobalSection
EndGlobal
