
Microsoft Visual Studio Solution File, Format Version 12.00
# Visual Studio 15
VisualStudioVersion = 15.0.27703.2042
MinimumVisualStudioVersion = 10.0.40219.1
Project("{FAE04EC0-301F-11D3-BF4B-00C04F79EFBC}") = "Tafels", "Tafels\Tafels.csproj", "{403C753E-234D-493B-8B27-7B369D3EFED8}"
EndProject
Global
	GlobalSection(SolutionConfigurationPlatforms) = preSolution
		Debug|Any CPU = Debug|Any CPU
		Release|Any CPU = Release|Any CPU
	EndGlobalSection
	GlobalSection(ProjectConfigurationPlatforms) = postSolution
		{403C753E-234D-493B-8B27-7B369D3EFED8}.Debug|Any CPU.ActiveCfg = Debug|Any CPU
		{403C753E-234D-493B-8B27-7B369D3EFED8}.Debug|Any CPU.Build.0 = Debug|Any CPU
		{403C753E-234D-493B-8B27-7B369D3EFED8}.Release|Any CPU.ActiveCfg = Release|Any CPU
		{403C753E-234D-493B-8B27-7B369D3EFED8}.Release|Any CPU.Build.0 = Release|Any CPU
	EndGlobalSection
	GlobalSection(SolutionProperties) = preSolution
		HideSolutionNode = FALSE
	EndGlobalSection
	GlobalSection(ExtensibilityGlobals) = postSolution
		SolutionGuid = {5D6D88AF-8847-4746-8077-53F3638C249E}
	EndGlobalSection
EndGlobal
