
Microsoft Visual Studio Solution File, Format Version 12.00
# Visual Studio Version 16
VisualStudioVersion = 16.0.30523.141
MinimumVisualStudioVersion = 10.0.40219.1
Project("{FAE04EC0-301F-11D3-BF4B-00C04F79EFBC}") = "UIDLijstjes3", "UIDLijstjes3\UIDLijstjes3.csproj", "{EBB5D475-692A-4000-AB3E-F397C5B888E3}"
EndProject
Global
	GlobalSection(SolutionConfigurationPlatforms) = preSolution
		Debug|Any CPU = Debug|Any CPU
		Release|Any CPU = Release|Any CPU
	EndGlobalSection
	GlobalSection(ProjectConfigurationPlatforms) = postSolution
		{EBB5D475-692A-4000-AB3E-F397C5B888E3}.Debug|Any CPU.ActiveCfg = Debug|Any CPU
		{EBB5D475-692A-4000-AB3E-F397C5B888E3}.Debug|Any CPU.Build.0 = Debug|Any CPU
		{EBB5D475-692A-4000-AB3E-F397C5B888E3}.Release|Any CPU.ActiveCfg = Release|Any CPU
		{EBB5D475-692A-4000-AB3E-F397C5B888E3}.Release|Any CPU.Build.0 = Release|Any CPU
	EndGlobalSection
	GlobalSection(SolutionProperties) = preSolution
		HideSolutionNode = FALSE
	EndGlobalSection
	GlobalSection(ExtensibilityGlobals) = postSolution
		SolutionGuid = {4187DFEA-0F22-4470-8BA9-5640496CDF3E}
	EndGlobalSection
EndGlobal
